<?xml version="1.0" encoding="utf-8"?>
<Project ToolsVersion="4.0" xmlns="http://schemas.microsoft.com/developer/msbuild/2003">
  <ItemGroup>
    <Filter Include="Quelldateien">
      <UniqueIdentifier>{4FC737F1-C7A5-4376-A066-2A32D752A2FF}</UniqueIdentifier>
      <Extensions>cpp;c;cc;cxx;def;odl;idl;hpj;bat;asm;asmx</Extensions>
    </Filter>
    <Filter Include="Headerdateien">
      <UniqueIdentifier>{93995380-89BD-4b04-88EB-625FBE52EBFB}</UniqueIdentifier>
      <Extensions>h;hh;hpp;hxx;hm;inl;inc;xsd</Extensions>
    </Filter>
    <Filter Include="Headerdateien\Indexe">
      <UniqueIdentifier>{367c61a8-1322-4ea5-af68-c4dec90a13eb}</UniqueIdentifier>
    </Filter>
    <Filter Include="Quelldateien\Indexe">
      <UniqueIdentifier>{7b7de3bf-145f-4ae6-beeb-36294ce9623e}</UniqueIdentifier>
    </Filter>
    <Filter Include="Headerdateien\Datenbank">
      <UniqueIdentifier>{9def877c-cabf-4ec5-b0b5-01e8377f10f8}</UniqueIdentifier>
    </Filter>
    <Filter Include="Quelldateien\Datenbank">
      <UniqueIdentifier>{fe6c8bb9-68b1-4c87-b82e-d7a5c0771354}</UniqueIdentifier>
    </Filter>
  </ItemGroup>
  <ItemGroup>
    <ClCompile Include="Main.cpp">
      <Filter>Quelldateien</Filter>
    </ClCompile>
    <ClCompile Include="Common.cpp">
      <Filter>Quelldateien</Filter>
    </ClCompile>
    <ClCompile Include="PingTool.cpp">
      <Filter>Quelldateien</Filter>
    </ClCompile>
    <ClCompile Include="Server.cpp">
      <Filter>Quelldateien</Filter>
    </ClCompile>
    <ClCompile Include="ZoneIDs.cpp">
      <Filter>Quelldateien</Filter>
    </ClCompile>
    <ClCompile Include="ServerRoles.cpp">
      <Filter>Quelldateien</Filter>
    </ClCompile>
    <ClCompile Include="Config.cpp">
      <Filter>Quelldateien</Filter>
    </ClCompile>
    <ClCompile Include="IniFile.cpp">
      <Filter>Quelldateien</Filter>
    </ClCompile>
    <ClCompile Include="Logger.cpp">
      <Filter>Quelldateien</Filter>
    </ClCompile>
    <ClCompile Include="ServerLoop.cpp">
      <Filter>Quelldateien</Filter>
    </ClCompile>
    <ClCompile Include="Commands.cpp">
      <Filter>Quelldateien</Filter>
    </ClCompile>
    <ClCompile Include="General.cpp">
      <Filter>Quelldateien</Filter>
    </ClCompile>
    <ClCompile Include="PacketUtils.cpp">
      <Filter>Quelldateien</Filter>
    </ClCompile>
    <ClCompile Include="SHA512.cpp">
      <Filter>Quelldateien</Filter>
    </ClCompile>
    <ClCompile Include="AuthenticationInstance.cpp">
      <Filter>Quelldateien</Filter>
    </ClCompile>
    <ClCompile Include="TimeUtils.cpp">
      <Filter>Quelldateien</Filter>
    </ClCompile>
    <ClCompile Include="CharactersInstance.cpp">
      <Filter>Quelldateien</Filter>
    </ClCompile>
    <ClCompile Include="Sessions.cpp">
      <Filter>Quelldateien</Filter>
    </ClCompile>
    <ClCompile Include="WorldInstance.cpp">
      <Filter>Quelldateien</Filter>
    </ClCompile>
    <ClCompile Include="LDF.cpp">
      <Filter>Quelldateien</Filter>
    </ClCompile>
    <ClCompile Include="ReplicaObject.cpp">
      <Filter>Quelldateien</Filter>
    </ClCompile>
    <ClCompile Include="TemporaryItems.cpp">
      <Filter>Quelldateien</Filter>
    </ClCompile>
    <ClCompile Include="GameMessages.cpp">
      <Filter>Quelldateien</Filter>
    </ClCompile>
    <ClCompile Include="ControllablePhysicsIndex.cpp">
      <Filter>Quelldateien\Indexe</Filter>
    </ClCompile>
    <ClCompile Include="SimplePhysicsIndex.cpp">
      <Filter>Quelldateien\Indexe</Filter>
    </ClCompile>
    <ClCompile Include="StatsIndex.cpp">
      <Filter>Quelldateien\Indexe</Filter>
    </ClCompile>
    <ClCompile Include="DestructibleIndex.cpp">
      <Filter>Quelldateien\Indexe</Filter>
    </ClCompile>
    <ClCompile Include="ScriptIndex.cpp">
      <Filter>Quelldateien\Indexe</Filter>
    </ClCompile>
    <ClCompile Include="SkillIndex.cpp">
      <Filter>Quelldateien\Indexe</Filter>
    </ClCompile>
    <ClCompile Include="RenderIndex.cpp">
      <Filter>Quelldateien\Indexe</Filter>
    </ClCompile>
    <ClCompile Include="Index107.cpp">
      <Filter>Quelldateien\Indexe</Filter>
    </ClCompile>
    <ClCompile Include="InventoryIndex.cpp">
      <Filter>Quelldateien\Indexe</Filter>
    </ClCompile>
    <ClCompile Include="CharacterIndex.cpp">
      <Filter>Quelldateien\Indexe</Filter>
    </ClCompile>
    <ClCompile Include="Accounts.cpp">
      <Filter>Quelldateien\Datenbank</Filter>
    </ClCompile>
    <ClCompile Include="Bans.cpp">
      <Filter>Quelldateien\Datenbank</Filter>
    </ClCompile>
    <ClCompile Include="CDClient.cpp">
      <Filter>Quelldateien\Datenbank</Filter>
    </ClCompile>
    <ClCompile Include="Characters.cpp">
      <Filter>Quelldateien\Datenbank</Filter>
    </ClCompile>
    <ClCompile Include="CharacterStats.cpp">
      <Filter>Quelldateien\Datenbank</Filter>
    </ClCompile>
    <ClCompile Include="CharacterStyles.cpp">
      <Filter>Quelldateien\Datenbank</Filter>
    </ClCompile>
    <ClCompile Include="InventoryItems.cpp">
      <Filter>Quelldateien\Datenbank</Filter>
    </ClCompile>
    <ClCompile Include="Locations.cpp">
      <Filter>Quelldateien\Datenbank</Filter>
    </ClCompile>
    <ClCompile Include="Objects.cpp">
      <Filter>Quelldateien\Datenbank</Filter>
    </ClCompile>
    <ClCompile Include="TransitionInfos.cpp">
      <Filter>Quelldateien\Datenbank</Filter>
    </ClCompile>
    <ClCompile Include="LUZCache.cpp">
      <Filter>Quelldateien</Filter>
    </ClCompile>
    <ClCompile Include="LVLCache.cpp">
      <Filter>Quelldateien</Filter>
    </ClCompile>
    <ClCompile Include="ObjectsManager.cpp">
      <Filter>Quelldateien</Filter>
    </ClCompile>
    <ClCompile Include="Missions.cpp">
      <Filter>Quelldateien\Datenbank</Filter>
    </ClCompile>
    <ClCompile Include="CurrentMissionTasks.cpp">
      <Filter>Quelldateien\Datenbank</Filter>
    </ClCompile>
    <ClCompile Include="PhantomPhysicsIndex.cpp">
      <Filter>Quelldateien\Indexe</Filter>
    </ClCompile>
    <ClCompile Include="CollectibleIndex.cpp">
      <Filter>Quelldateien\Indexe</Filter>
    </ClCompile>
    <ClCompile Include="Chat.cpp">
      <Filter>Quelldateien</Filter>
    </ClCompile>
    <ClCompile Include="Flags.cpp">
      <Filter>Quelldateien</Filter>
    </ClCompile>
    <ClCompile Include="Helpers.cpp">
      <Filter>Quelldateien</Filter>
    </ClCompile>
    <ClCompile Include="Validate.cpp">
      <Filter>Quelldateien</Filter>
    </ClCompile>
    <ClCompile Include="BouncerIndex.cpp">
      <Filter>Quelldateien\Indexe</Filter>
    </ClCompile>
    <ClCompile Include="RebuildIndex.cpp">
      <Filter>Quelldateien\Indexe</Filter>
    </ClCompile>
    <ClCompile Include="ScriptedActivityIndex.cpp">
      <Filter>Quelldateien\Indexe</Filter>
    </ClCompile>
    <ClCompile Include="ItemDrops.cpp">
      <Filter>Quelldateien\Datenbank</Filter>
    </ClCompile>
    <ClCompile Include="ModuleAssemblyIndex.cpp">
      <Filter>Quelldateien\Indexe</Filter>
    </ClCompile>
    <ClCompile Include="ValueStorage.cpp">
      <Filter>Quelldateien\Datenbank</Filter>
    </ClCompile>
  </ItemGroup>
  <ItemGroup>
    <ClInclude Include="Common.h">
      <Filter>Headerdateien</Filter>
    </ClInclude>
    <ClInclude Include="PingTool.h">
      <Filter>Headerdateien</Filter>
    </ClInclude>
    <ClInclude Include="Server.h">
      <Filter>Headerdateien</Filter>
    </ClInclude>
    <ClInclude Include="ZoneIDs.h">
      <Filter>Headerdateien</Filter>
    </ClInclude>
    <ClInclude Include="ServerRoles.h">
      <Filter>Headerdateien</Filter>
    </ClInclude>
    <ClInclude Include="Config.h">
      <Filter>Headerdateien</Filter>
    </ClInclude>
    <ClInclude Include="IniFile.h">
      <Filter>Headerdateien</Filter>
    </ClInclude>
    <ClInclude Include="Logger.h">
      <Filter>Headerdateien</Filter>
    </ClInclude>
    <ClInclude Include="ServerLoop.h">
      <Filter>Headerdateien</Filter>
    </ClInclude>
    <ClInclude Include="Commands.h">
      <Filter>Headerdateien</Filter>
    </ClInclude>
    <ClInclude Include="General.h">
      <Filter>Headerdateien</Filter>
    </ClInclude>
    <ClInclude Include="PacketUtils.h">
      <Filter>Headerdateien</Filter>
    </ClInclude>
    <ClInclude Include="SHA512.h">
      <Filter>Headerdateien</Filter>
    </ClInclude>
    <ClInclude Include="AuthenticationInstance.h">
      <Filter>Headerdateien</Filter>
    </ClInclude>
    <ClInclude Include="TimeUtils.h">
      <Filter>Headerdateien</Filter>
    </ClInclude>
    <ClInclude Include="CharactersInstance.h">
      <Filter>Headerdateien</Filter>
    </ClInclude>
    <ClInclude Include="Sessions.h">
      <Filter>Headerdateien</Filter>
    </ClInclude>
    <ClInclude Include="WorldInstance.h">
      <Filter>Headerdateien</Filter>
    </ClInclude>
    <ClInclude Include="LDF.h">
      <Filter>Headerdateien</Filter>
    </ClInclude>
    <ClInclude Include="ReplicaObject.h">
      <Filter>Headerdateien</Filter>
    </ClInclude>
    <ClInclude Include="ComponentsRegistryEntry.h">
      <Filter>Headerdateien</Filter>
    </ClInclude>
    <ClInclude Include="StatsIndexInfo.h">
      <Filter>Headerdateien</Filter>
    </ClInclude>
    <ClInclude Include="TemporaryItems.h">
      <Filter>Headerdateien</Filter>
    </ClInclude>
    <ClInclude Include="GameMessages.h">
      <Filter>Headerdateien</Filter>
    </ClInclude>
    <ClInclude Include="ControllablePhysicsIndex.h">
      <Filter>Headerdateien\Indexe</Filter>
    </ClInclude>
    <ClInclude Include="SimplePhysicsIndex.h">
      <Filter>Headerdateien\Indexe</Filter>
    </ClInclude>
    <ClInclude Include="DestructibleIndex.h">
      <Filter>Headerdateien\Indexe</Filter>
    </ClInclude>
    <ClInclude Include="StatsIndex.h">
      <Filter>Headerdateien\Indexe</Filter>
    </ClInclude>
    <ClInclude Include="ScriptIndex.h">
      <Filter>Headerdateien\Indexe</Filter>
    </ClInclude>
    <ClInclude Include="SkillIndex.h">
      <Filter>Headerdateien\Indexe</Filter>
    </ClInclude>
    <ClInclude Include="RenderIndex.h">
      <Filter>Headerdateien\Indexe</Filter>
    </ClInclude>
    <ClInclude Include="Index107.h">
      <Filter>Headerdateien\Indexe</Filter>
    </ClInclude>
    <ClInclude Include="InventoryIndex.h">
      <Filter>Headerdateien\Indexe</Filter>
    </ClInclude>
    <ClInclude Include="CharacterIndex.h">
      <Filter>Headerdateien\Indexe</Filter>
    </ClInclude>
    <ClInclude Include="Accounts.h">
      <Filter>Headerdateien\Datenbank</Filter>
    </ClInclude>
    <ClInclude Include="Bans.h">
      <Filter>Headerdateien\Datenbank</Filter>
    </ClInclude>
    <ClInclude Include="CDClient.h">
      <Filter>Headerdateien\Datenbank</Filter>
    </ClInclude>
    <ClInclude Include="Characters.h">
      <Filter>Headerdateien\Datenbank</Filter>
    </ClInclude>
    <ClInclude Include="CharacterStats.h">
      <Filter>Headerdateien\Datenbank</Filter>
    </ClInclude>
    <ClInclude Include="CharacterStyles.h">
      <Filter>Headerdateien\Datenbank</Filter>
    </ClInclude>
    <ClInclude Include="InventoryItems.h">
      <Filter>Headerdateien\Datenbank</Filter>
    </ClInclude>
    <ClInclude Include="Locations.h">
      <Filter>Headerdateien\Datenbank</Filter>
    </ClInclude>
    <ClInclude Include="Objects.h">
      <Filter>Headerdateien\Datenbank</Filter>
    </ClInclude>
    <ClInclude Include="TransitionInfos.h">
      <Filter>Headerdateien\Datenbank</Filter>
    </ClInclude>
    <ClInclude Include="ReplicaComponent.h">
      <Filter>Headerdateien</Filter>
    </ClInclude>
    <ClInclude Include="LUZCache.h">
      <Filter>Headerdateien</Filter>
    </ClInclude>
    <ClInclude Include="LVLCache.h">
      <Filter>Headerdateien</Filter>
    </ClInclude>
    <ClInclude Include="ObjectsManager.h">
      <Filter>Headerdateien</Filter>
    </ClInclude>
    <ClInclude Include="Missions.h">
      <Filter>Headerdateien\Datenbank</Filter>
    </ClInclude>
    <ClInclude Include="CurrentMissionTasks.h">
      <Filter>Headerdateien\Datenbank</Filter>
    </ClInclude>
    <ClInclude Include="CollectibleIndex.h">
      <Filter>Headerdateien\Indexe</Filter>
    </ClInclude>
    <ClInclude Include="PhantomPhysicsIndex.h">
      <Filter>Headerdateien\Indexe</Filter>
    </ClInclude>
    <ClInclude Include="Chat.h">
      <Filter>Headerdateien</Filter>
    </ClInclude>
    <ClInclude Include="Flags.h">
      <Filter>Headerdateien\Datenbank</Filter>
    </ClInclude>
    <ClInclude Include="Helpers.h">
      <Filter>Headerdateien</Filter>
    </ClInclude>
    <ClInclude Include="Validate.h">
      <Filter>Headerdateien</Filter>
    </ClInclude>
    <ClInclude Include="Scheduler.h">
      <Filter>Headerdateien</Filter>
    </ClInclude>
    <ClInclude Include="BlockingQueue.h">
      <Filter>Headerdateien</Filter>
    </ClInclude>
    <ClInclude Include="BouncerIndex.h">
      <Filter>Headerdateien\Indexe</Filter>
    </ClInclude>
    <ClInclude Include="RebuildIndex.h">
      <Filter>Headerdateien\Indexe</Filter>
    </ClInclude>
    <ClInclude Include="ScriptedActivityIndex.h">
      <Filter>Headerdateien\Indexe</Filter>
    </ClInclude>
    <ClInclude Include="ItemDrops.h">
      <Filter>Headerdateien\Datenbank</Filter>
    </ClInclude>
    <ClInclude Include="ModuleAssemblyIndex.h">
      <Filter>Headerdateien\Indexe</Filter>
    </ClInclude>
    <ClInclude Include="ValueStorage.h">
      <Filter>Headerdateien\Datenbank</Filter>
    </ClInclude>
    <ClInclude Include="resource.h">
      <Filter>Headerdateien</Filter>
    </ClInclude>
  </ItemGroup>
  <ItemGroup>
    <ResourceCompile Include="JALUS.rc" />
  </ItemGroup>
  <ItemGroup>
    <Image Include="JALUS_Gray.ico" />
  </ItemGroup>
</Project>